
Microsoft Visual Studio Solution File, Format Version 12.00
# Visual Studio 15
VisualStudioVersion = 15.0.27130.2003
MinimumVisualStudioVersion = 10.0.40219.1
Project("{FAE04EC0-301F-11D3-BF4B-00C04F79EFBC}") = "BankAccaunt", "BankAccaunt\BankAccaunt.csproj", "{79F64BB8-6E82-4A90-885B-1AFE18F5F54B}"
EndProject
Project("{FAE04EC0-301F-11D3-BF4B-00C04F79EFBC}") = "02.BankAccountModify", "02.BankAccountModify\02.BankAccountModify.csproj", "{2B30A852-4CB2-4976-8019-1323F7C088DC}"
EndProject
Project("{FAE04EC0-301F-11D3-BF4B-00C04F79EFBC}") = "03.TestClient", "03.TestClient\03.TestClient.csproj", "{B8DBBCCE-BC62-4876-B487-E844D94CF79C}"
EndProject
Project("{FAE04EC0-301F-11D3-BF4B-00C04F79EFBC}") = "04.PersonClass", "04.PersonClass\04.PersonClass.csproj", "{7FB462EA-9BE7-46E2-9866-54076F0938E3}"
EndProject
Global
	GlobalSection(SolutionConfigurationPlatforms) = preSolution
		Debug|Any CPU = Debug|Any CPU
		Release|Any CPU = Release|Any CPU
	EndGlobalSection
	GlobalSection(ProjectConfigurationPlatforms) = postSolution
		{79F64BB8-6E82-4A90-885B-1AFE18F5F54B}.Debug|Any CPU.ActiveCfg = Debug|Any CPU
		{79F64BB8-6E82-4A90-885B-1AFE18F5F54B}.Debug|Any CPU.Build.0 = Debug|Any CPU
		{79F64BB8-6E82-4A90-885B-1AFE18F5F54B}.Release|Any CPU.ActiveCfg = Release|Any CPU
		{79F64BB8-6E82-4A90-885B-1AFE18F5F54B}.Release|Any CPU.Build.0 = Release|Any CPU
		{2B30A852-4CB2-4976-8019-1323F7C088DC}.Debug|Any CPU.ActiveCfg = Debug|Any CPU
		{2B30A852-4CB2-4976-8019-1323F7C088DC}.Debug|Any CPU.Build.0 = Debug|Any CPU
		{2B30A852-4CB2-4976-8019-1323F7C088DC}.Release|Any CPU.ActiveCfg = Release|Any CPU
		{2B30A852-4CB2-4976-8019-1323F7C088DC}.Release|Any CPU.Build.0 = Release|Any CPU
		{B8DBBCCE-BC62-4876-B487-E844D94CF79C}.Debug|Any CPU.ActiveCfg = Debug|Any CPU
		{B8DBBCCE-BC62-4876-B487-E844D94CF79C}.Debug|Any CPU.Build.0 = Debug|Any CPU
		{B8DBBCCE-BC62-4876-B487-E844D94CF79C}.Release|Any CPU.ActiveCfg = Release|Any CPU
		{B8DBBCCE-BC62-4876-B487-E844D94CF79C}.Release|Any CPU.Build.0 = Release|Any CPU
		{7FB462EA-9BE7-46E2-9866-54076F0938E3}.Debug|Any CPU.ActiveCfg = Debug|Any CPU
		{7FB462EA-9BE7-46E2-9866-54076F0938E3}.Debug|Any CPU.Build.0 = Debug|Any CPU
		{7FB462EA-9BE7-46E2-9866-54076F0938E3}.Release|Any CPU.ActiveCfg = Release|Any CPU
		{7FB462EA-9BE7-46E2-9866-54076F0938E3}.Release|Any CPU.Build.0 = Release|Any CPU
	EndGlobalSection
	GlobalSection(SolutionProperties) = preSolution
		HideSolutionNode = FALSE
	EndGlobalSection
	GlobalSection(ExtensibilityGlobals) = postSolution
		SolutionGuid = {B5940560-146D-40C8-AE98-0A88CE15F1BF}
	EndGlobalSection
EndGlobal
